// !$*UTF8*$!
{
	archiveVersion = 1;
	classes = {
	};
	objectVersion = 46;
	objects = {

/* Begin PBXBuildFile section */
		D8BCDB1919E358CE006978FB /* main.m in Sources */ = {isa = PBXBuildFile; fileRef = D8BCDB1819E358CE006978FB /* main.m */; };
		D8BCDB1C19E358CE006978FB /* AppDelegate.m in Sources */ = {isa = PBXBuildFile; fileRef = D8BCDB1B19E358CE006978FB /* AppDelegate.m */; };
		D8BCDB1F19E358CE006978FB /* MasterViewController.m in Sources */ = {isa = PBXBuildFile; fileRef = D8BCDB1E19E358CE006978FB /* MasterViewController.m */; };
		D8BCDB2219E358CE006978FB /* DetailViewController.m in Sources */ = {isa = PBXBuildFile; fileRef = D8BCDB2119E358CE006978FB /* DetailViewController.m */; };
		D8BCDB2519E358CE006978FB /* Main.storyboard in Resources */ = {isa = PBXBuildFile; fileRef = D8BCDB2319E358CE006978FB /* Main.storyboard */; };
		D8BCDB2719E358CE006978FB /* Images.xcassets in Resources */ = {isa = PBXBuildFile; fileRef = D8BCDB2619E358CE006978FB /* Images.xcassets */; };
		D8BCDB2A19E358CE006978FB /* LaunchScreen.xib in Resources */ = {isa = PBXBuildFile; fileRef = D8BCDB2819E358CE006978FB /* LaunchScreen.xib */; };
		D8BCDB3619E358CF006978FB /* testgit2Tests.m in Sources */ = {isa = PBXBuildFile; fileRef = D8BCDB3519E358CF006978FB /* testgit2Tests.m */; };
/* End PBXBuildFile section */

/* Begin PBXContainerItemProxy section */
		D8BCDB3019E358CF006978FB /* PBXContainerItemProxy */ = {
			isa = PBXContainerItemProxy;
			containerPortal = D8BCDB0B19E358CE006978FB /* Project object */;
			proxyType = 1;
			remoteGlobalIDString = D8BCDB1219E358CE006978FB;
			remoteInfo = testgit2;
		};
/* End PBXContainerItemProxy section */

/* Begin PBXFileReference section */
		D8BCDB1319E358CE006978FB /* testgit2.app */ = {isa = PBXFileReference; explicitFileType = wrapper.application; includeInIndex = 0; path = testgit2.app; sourceTree = BUILT_PRODUCTS_DIR; };
		D8BCDB1719E358CE006978FB /* Info.plist */ = {isa = PBXFileReference; lastKnownFileType = text.plist.xml; path = Info.plist; sourceTree = "<group>"; };
		D8BCDB1819E358CE006978FB /* main.m */ = {isa = PBXFileReference; lastKnownFileType = sourcecode.c.objc; path = main.m; sourceTree = "<group>"; };
		D8BCDB1A19E358CE006978FB /* AppDelegate.h */ = {isa = PBXFileReference; lastKnownFileType = sourcecode.c.h; path = AppDelegate.h; sourceTree = "<group>"; };
		D8BCDB1B19E358CE006978FB /* AppDelegate.m */ = {isa = PBXFileReference; lastKnownFileType = sourcecode.c.objc; path = AppDelegate.m; sourceTree = "<group>"; };
		D8BCDB1D19E358CE006978FB /* MasterViewController.h */ = {isa = PBXFileReference; lastKnownFileType = sourcecode.c.h; path = MasterViewController.h; sourceTree = "<group>"; };
		D8BCDB1E19E358CE006978FB /* MasterViewController.m */ = {isa = PBXFileReference; lastKnownFileType = sourcecode.c.objc; path = MasterViewController.m; sourceTree = "<group>"; };
		D8BCDB2019E358CE006978FB /* DetailViewController.h */ = {isa = PBXFileReference; lastKnownFileType = sourcecode.c.h; path = DetailViewController.h; sourceTree = "<group>"; };
		D8BCDB2119E358CE006978FB /* DetailViewController.m */ = {isa = PBXFileReference; lastKnownFileType = sourcecode.c.objc; path = DetailViewController.m; sourceTree = "<group>"; };
		D8BCDB2419E358CE006978FB /* Base */ = {isa = PBXFileReference; lastKnownFileType = file.storyboard; name = Base; path = Base.lproj/Main.storyboard; sourceTree = "<group>"; };
		D8BCDB2619E358CE006978FB /* Images.xcassets */ = {isa = PBXFileReference; lastKnownFileType = folder.assetcatalog; path = Images.xcassets; sourceTree = "<group>"; };
		D8BCDB2919E358CE006978FB /* Base */ = {isa = PBXFileReference; lastKnownFileType = file.xib; name = Base; path = Base.lproj/LaunchScreen.xib; sourceTree = "<group>"; };
		D8BCDB2F19E358CF006978FB /* testgit2Tests.xctest */ = {isa = PBXFileReference; explicitFileType = wrapper.cfbundle; includeInIndex = 0; path = testgit2Tests.xctest; sourceTree = BUILT_PRODUCTS_DIR; };
		D8BCDB3419E358CF006978FB /* Info.plist */ = {isa = PBXFileReference; lastKnownFileType = text.plist.xml; path = Info.plist; sourceTree = "<group>"; };
		D8BCDB3519E358CF006978FB /* testgit2Tests.m */ = {isa = PBXFileReference; lastKnownFileType = sourcecode.c.objc; path = testgit2Tests.m; sourceTree = "<group>"; };
/* End PBXFileReference section */

/* Begin PBXFrameworksBuildPhase section */
		D8BCDB1019E358CE006978FB /* Frameworks */ = {
			isa = PBXFrameworksBuildPhase;
			buildActionMask = 2147483647;
			files = (
			);
			runOnlyForDeploymentPostprocessing = 0;
		};
		D8BCDB2C19E358CF006978FB /* Frameworks */ = {
			isa = PBXFrameworksBuildPhase;
			buildActionMask = 2147483647;
			files = (
			);
			runOnlyForDeploymentPostprocessing = 0;
		};
/* End PBXFrameworksBuildPhase section */

/* Begin PBXGroup section */
		D8BCDB0A19E358CE006978FB = {
			isa = PBXGroup;
			children = (
				D8BCDB1519E358CE006978FB /* testgit2 */,
				D8BCDB3219E358CF006978FB /* testgit2Tests */,
				D8BCDB1419E358CE006978FB /* Products */,
			);
			sourceTree = "<group>";
		};
		D8BCDB1419E358CE006978FB /* Products */ = {
			isa = PBXGroup;
			children = (
				D8BCDB1319E358CE006978FB /* testgit2.app */,
				D8BCDB2F19E358CF006978FB /* testgit2Tests.xctest */,
			);
			name = Products;
			sourceTree = "<group>";
		};
		D8BCDB1519E358CE006978FB /* testgit2 */ = {
			isa = PBXGroup;
			children = (
				D8BCDB1A19E358CE006978FB /* AppDelegate.h */,
				D8BCDB1B19E358CE006978FB /* AppDelegate.m */,
				D8BCDB1D19E358CE006978FB /* MasterViewController.h */,
				D8BCDB1E19E358CE006978FB /* MasterViewController.m */,
				D8BCDB2019E358CE006978FB /* DetailViewController.h */,
				D8BCDB2119E358CE006978FB /* DetailViewController.m */,
				D8BCDB2319E358CE006978FB /* Main.storyboard */,
				D8BCDB2619E358CE006978FB /* Images.xcassets */,
				D8BCDB2819E358CE006978FB /* LaunchScreen.xib */,
				D8BCDB1619E358CE006978FB /* Supporting Files */,
			);
			path = testgit2;
			sourceTree = "<group>";
		};
		D8BCDB1619E358CE006978FB /* Supporting Files */ = {
			isa = PBXGroup;
			children = (
				D8BCDB1719E358CE006978FB /* Info.plist */,
				D8BCDB1819E358CE006978FB /* main.m */,
			);
			name = "Supporting Files";
			sourceTree = "<group>";
		};
		D8BCDB3219E358CF006978FB /* testgit2Tests */ = {
			isa = PBXGroup;
			children = (
				D8BCDB3519E358CF006978FB /* testgit2Tests.m */,
				D8BCDB3319E358CF006978FB /* Supporting Files */,
			);
			path = testgit2Tests;
			sourceTree = "<group>";
		};
		D8BCDB3319E358CF006978FB /* Supporting Files */ = {
			isa = PBXGroup;
			children = (
				D8BCDB3419E358CF006978FB /* Info.plist */,
			);
			name = "Supporting Files";
			sourceTree = "<group>";
		};
/* End PBXGroup section */

/* Begin PBXNativeTarget section */
		D8BCDB1219E358CE006978FB /* testgit2 */ = {
			isa = PBXNativeTarget;
			buildConfigurationList = D8BCDB3919E358CF006978FB /* Build configuration list for PBXNativeTarget "testgit2" */;
			buildPhases = (
				D8BCDB0F19E358CE006978FB /* Sources */,
				D8BCDB1019E358CE006978FB /* Frameworks */,
				D8BCDB1119E358CE006978FB /* Resources */,
			);
			buildRules = (
			);
			dependencies = (
			);
			name = testgit2;
			productName = testgit2;
			productReference = D8BCDB1319E358CE006978FB /* testgit2.app */;
			productType = "com.apple.product-type.application";
		};
		D8BCDB2E19E358CF006978FB /* testgit2Tests */ = {
			isa = PBXNativeTarget;
			buildConfigurationList = D8BCDB3C19E358CF006978FB /* Build configuration list for PBXNativeTarget "testgit2Tests" */;
			buildPhases = (
				D8BCDB2B19E358CF006978FB /* Sources */,
				D8BCDB2C19E358CF006978FB /* Frameworks */,
				D8BCDB2D19E358CF006978FB /* Resources */,
			);
			buildRules = (
			);
			dependencies = (
				D8BCDB3119E358CF006978FB /* PBXTargetDependency */,
			);
			name = testgit2Tests;
			productName = testgit2Tests;
			productReference = D8BCDB2F19E358CF006978FB /* testgit2Tests.xctest */;
			productType = "com.apple.product-type.bundle.unit-test";
		};
/* End PBXNativeTarget section */

/* Begin PBXProject section */
		D8BCDB0B19E358CE006978FB /* Project object */ = {
			isa = PBXProject;
			attributes = {
				LastUpgradeCheck = 0600;
				ORGANIZATIONNAME = SafeCode;
				TargetAttributes = {
					D8BCDB1219E358CE006978FB = {
						CreatedOnToolsVersion = 6.0.1;
					};
					D8BCDB2E19E358CF006978FB = {
						CreatedOnToolsVersion = 6.0.1;
						TestTargetID = D8BCDB1219E358CE006978FB;
					};
				};
			};
			buildConfigurationList = D8BCDB0E19E358CE006978FB /* Build configuration list for PBXProject "testgit2" */;
			compatibilityVersion = "Xcode 3.2";
			developmentRegion = English;
			hasScannedForEncodings = 0;
			knownRegions = (
				en,
				Base,
			);
			mainGroup = D8BCDB0A19E358CE006978FB;
			productRefGroup = D8BCDB1419E358CE006978FB /* Products */;
			projectDirPath = "";
			projectRoot = "";
			targets = (
				D8BCDB1219E358CE006978FB /* testgit2 */,
				D8BCDB2E19E358CF006978FB /* testgit2Tests */,
			);
		};
/* End PBXProject section */

/* Begin PBXResourcesBuildPhase section */
		D8BCDB1119E358CE006978FB /* Resources */ = {
			isa = PBXResourcesBuildPhase;
			buildActionMask = 2147483647;
			files = (
				D8BCDB2519E358CE006978FB /* Main.storyboard in Resources */,
				D8BCDB2A19E358CE006978FB /* LaunchScreen.xib in Resources */,
				D8BCDB2719E358CE006978FB /* Images.xcassets in Resources */,
			);
			runOnlyForDeploymentPostprocessing = 0;
		};
		D8BCDB2D19E358CF006978FB /* Resources */ = {
			isa = PBXResourcesBuildPhase;
			buildActionMask = 2147483647;
			files = (
			);
			runOnlyForDeploymentPostprocessing = 0;
		};
/* End PBXResourcesBuildPhase section */

/* Begin PBXSourcesBuildPhase section */
		D8BCDB0F19E358CE006978FB /* Sources */ = {
			isa = PBXSourcesBuildPhase;
			buildActionMask = 2147483647;
			files = (
				D8BCDB1C19E358CE006978FB /* AppDelegate.m in Sources */,
				D8BCDB1F19E358CE006978FB /* MasterViewController.m in Sources */,
				D8BCDB1919E358CE006978FB /* main.m in Sources */,
				D8BCDB2219E358CE006978FB /* DetailViewController.m in Sources */,
			);
			runOnlyForDeploymentPostprocessing = 0;
		};
		D8BCDB2B19E358CF006978FB /* Sources */ = {
			isa = PBXSourcesBuildPhase;
			buildActionMask = 2147483647;
			files = (
				D8BCDB3619E358CF006978FB /* testgit2Tests.m in Sources */,
			);
			runOnlyForDeploymentPostprocessing = 0;
		};
/* End PBXSourcesBuildPhase section */

/* Begin PBXTargetDependency section */
		D8BCDB3119E358CF006978FB /* PBXTargetDependency */ = {
			isa = PBXTargetDependency;
			target = D8BCDB1219E358CE006978FB /* testgit2 */;
			targetProxy = D8BCDB3019E358CF006978FB /* PBXContainerItemProxy */;
		};
/* End PBXTargetDependency section */

/* Begin PBXVariantGroup section */
		D8BCDB2319E358CE006978FB /* Main.storyboard */ = {
			isa = PBXVariantGroup;
			children = (
				D8BCDB2419E358CE006978FB /* Base */,
			);
			name = Main.storyboard;
			sourceTree = "<group>";
		};
		D8BCDB2819E358CE006978FB /* LaunchScreen.xib */ = {
			isa = PBXVariantGroup;
			children = (
				D8BCDB2919E358CE006978FB /* Base */,
			);
			name = LaunchScreen.xib;
			sourceTree = "<group>";
		};
/* End PBXVariantGroup section */

/* Begin XCBuildConfiguration section */
		D8BCDB3719E358CF006978FB /* Debug */ = {
			isa = XCBuildConfiguration;
			buildSettings = {
				ALWAYS_SEARCH_USER_PATHS = NO;
				CLANG_CXX_LANGUAGE_STANDARD = "gnu++0x";
				CLANG_CXX_LIBRARY = "libc++";
				CLANG_ENABLE_MODULES = YES;
				CLANG_ENABLE_OBJC_ARC = YES;
				CLANG_WARN_BOOL_CONVERSION = YES;
				CLANG_WARN_CONSTANT_CONVERSION = YES;
				CLANG_WARN_DIRECT_OBJC_ISA_USAGE = YES_ERROR;
				CLANG_WARN_EMPTY_BODY = YES;
				CLANG_WARN_ENUM_CONVERSION = YES;
				CLANG_WARN_INT_CONVERSION = YES;
				CLANG_WARN_OBJC_ROOT_CLASS = YES_ERROR;
				CLANG_WARN_UNREACHABLE_CODE = YES;
				CLANG_WARN__DUPLICATE_METHOD_MATCH = YES;
				"CODE_SIGN_IDENTITY[sdk=iphoneos*]" = "iPhone Developer";
				COPY_PHASE_STRIP = NO;
				ENABLE_STRICT_OBJC_MSGSEND = YES;
				GCC_C_LANGUAGE_STANDARD = gnu99;
				GCC_DYNAMIC_NO_PIC = NO;
				GCC_OPTIMIZATION_LEVEL = 0;
				GCC_PREPROCESSOR_DEFINITIONS = (
					"DEBUG=1",
					"$(inherited)",
				);
				GCC_SYMBOLS_PRIVATE_EXTERN = NO;
				GCC_WARN_64_TO_32_BIT_CONVERSION = YES;
				GCC_WARN_ABOUT_RETURN_TYPE = YES_ERROR;
				GCC_WARN_UNDECLARED_SELECTOR = YES;
				GCC_WARN_UNINITIALIZED_AUTOS = YES_AGGRESSIVE;
				GCC_WARN_UNUSED_FUNCTION = YES;
				GCC_WARN_UNUSED_VARIABLE = YES;
				IPHONEOS_DEPLOYMENT_TARGET = 8.0;
				MTL_ENABLE_DEBUG_INFO = YES;
				ONLY_ACTIVE_ARCH = YES;
				SDKROOT = iphoneos;
				TARGETED_DEVICE_FAMILY = "1,2";
			};
			name = Debug;
		};
		D8BCDB3819E358CF006978FB /* Release */ = {
			isa = XCBuildConfiguration;
			buildSettings = {
				ALWAYS_SEARCH_USER_PATHS = NO;
				CLANG_CXX_LANGUAGE_STANDARD = "gnu++0x";
				CLANG_CXX_LIBRARY = "libc++";
				CLANG_ENABLE_MODULES = YES;
				CLANG_ENABLE_OBJC_ARC = YES;
				CLANG_WARN_BOOL_CONVERSION = YES;
				CLANG_WARN_CONSTANT_CONVERSION = YES;
				CLANG_WARN_DIRECT_OBJC_ISA_USAGE = YES_ERROR;
				CLANG_WARN_EMPTY_BODY = YES;
				CLANG_WARN_ENUM_CONVERSION = YES;
				CLANG_WARN_INT_CONVERSION = YES;
				CLANG_WARN_OBJC_ROOT_CLASS = YES_ERROR;
				CLANG_WARN_UNREACHABLE_CODE = YES;
				CLANG_WARN__DUPLICATE_METHOD_MATCH = YES;
				"CODE_SIGN_IDENTITY[sdk=iphoneos*]" = "iPhone Developer";
				COPY_PHASE_STRIP = YES;
				ENABLE_NS_ASSERTIONS = NO;
				ENABLE_STRICT_OBJC_MSGSEND = YES;
				GCC_C_LANGUAGE_STANDARD = gnu99;
				GCC_WARN_64_TO_32_BIT_CONVERSION = YES;
				GCC_WARN_ABOUT_RETURN_TYPE = YES_ERROR;
				GCC_WARN_UNDECLARED_SELECTOR = YES;
				GCC_WARN_UNINITIALIZED_AUTOS = YES_AGGRESSIVE;
				GCC_WARN_UNUSED_FUNCTION = YES;
				GCC_WARN_UNUSED_VARIABLE = YES;
				IPHONEOS_DEPLOYMENT_TARGET = 8.0;
				MTL_ENABLE_DEBUG_INFO = NO;
				SDKROOT = iphoneos;
				TARGETED_DEVICE_FAMILY = "1,2";
				VALIDATE_PRODUCT = YES;
			};
			name = Release;
		};
		D8BCDB3A19E358CF006978FB /* Debug */ = {
			isa = XCBuildConfiguration;
			buildSettings = {
				ASSETCATALOG_COMPILER_APPICON_NAME = AppIcon;
				INFOPLIST_FILE = testgit2/Info.plist;
				LD_RUNPATH_SEARCH_PATHS = "$(inherited) @executable_path/Frameworks";
				PRODUCT_NAME = "$(TARGET_NAME)";
			};
			name = Debug;
		};
		D8BCDB3B19E358CF006978FB /* Release */ = {
			isa = XCBuildConfiguration;
			buildSettings = {
				ASSETCATALOG_COMPILER_APPICON_NAME = AppIcon;
				INFOPLIST_FILE = testgit2/Info.plist;
				LD_RUNPATH_SEARCH_PATHS = "$(inherited) @executable_path/Frameworks";
				PRODUCT_NAME = "$(TARGET_NAME)";
			};
			name = Release;
		};
		D8BCDB3D19E358CF006978FB /* Debug */ = {
			isa = XCBuildConfiguration;
			buildSettings = {
				BUNDLE_LOADER = "$(TEST_HOST)";
				FRAMEWORK_SEARCH_PATHS = (
					"$(SDKROOT)/Developer/Library/Frameworks",
					"$(inherited)",
				);
				GCC_PREPROCESSOR_DEFINITIONS = (
					"DEBUG=1",
					"$(inherited)",
				);
				INFOPLIST_FILE = testgit2Tests/Info.plist;
				LD_RUNPATH_SEARCH_PATHS = "$(inherited) @executable_path/Frameworks @loader_path/Frameworks";
				PRODUCT_NAME = "$(TARGET_NAME)";
				TEST_HOST = "$(BUILT_PRODUCTS_DIR)/testgit2.app/testgit2";
			};
			name = Debug;
		};
		D8BCDB3E19E358CF006978FB /* Release */ = {
			isa = XCBuildConfiguration;
			buildSettings = {
				BUNDLE_LOADER = "$(TEST_HOST)";
				FRAMEWORK_SEARCH_PATHS = (
					"$(SDKROOT)/Developer/Library/Frameworks",
					"$(inherited)",
				);
				INFOPLIST_FILE = testgit2Tests/Info.plist;
				LD_RUNPATH_SEARCH_PATHS = "$(inherited) @executable_path/Frameworks @loader_path/Frameworks";
				PRODUCT_NAME = "$(TARGET_NAME)";
				TEST_HOST = "$(BUILT_PRODUCTS_DIR)/testgit2.app/testgit2";
			};
			name = Release;
		};
/* End XCBuildConfiguration section */

/* Begin XCConfigurationList section */
		D8BCDB0E19E358CE006978FB /* Build configuration list for PBXProject "testgit2" */ = {
			isa = XCConfigurationList;
			buildConfigurations = (
				D8BCDB3719E358CF006978FB /* Debug */,
				D8BCDB3819E358CF006978FB /* Release */,
			);
			defaultConfigurationIsVisible = 0;
			defaultConfigurationName = Release;
		};
		D8BCDB3919E358CF006978FB /* Build configuration list for PBXNativeTarget "testgit2" */ = {
			isa = XCConfigurationList;
			buildConfigurations = (
				D8BCDB3A19E358CF006978FB /* Debug */,
				D8BCDB3B19E358CF006978FB /* Release */,
			);
			defaultConfigurationIsVisible = 0;
		};
		D8BCDB3C19E358CF006978FB /* Build configuration list for PBXNativeTarget "testgit2Tests" */ = {
			isa = XCConfigurationList;
			buildConfigurations = (
				D8BCDB3D19E358CF006978FB /* Debug */,
				D8BCDB3E19E358CF006978FB /* Release */,
			);
			defaultConfigurationIsVisible = 0;
		};
/* End XCConfigurationList section */
	};
	rootObject = D8BCDB0B19E358CE006978FB /* Project object */;
}
